// !$*UTF8*$!
{
	archiveVersion = 1;
	classes = {
	};
	objectVersion = 56;
	objects = {

/* Begin PBXBuildFile section */
		0108FF152ABAFA6100308340 /* NoContentView.swift in Sources */ = {isa = PBXBuildFile; fileRef = 0108FF142ABAFA6100308340 /* NoContentView.swift */; };
		0108FF182ABB20FB00308340 /* ScanResult.swift in Sources */ = {isa = PBXBuildFile; fileRef = 0108FF172ABB20FB00308340 /* ScanResult.swift */; };
		0108FF1B2ABB25A200308340 /* ScanResultView.swift in Sources */ = {isa = PBXBuildFile; fileRef = 0108FF1A2ABB25A200308340 /* ScanResultView.swift */; };
		0108FF1F2ABB263700308340 /* SignalLevelView.swift in Sources */ = {isa = PBXBuildFile; fileRef = 0108FF1E2ABB263700308340 /* SignalLevelView.swift */; };
		0108FF212ABB2C6900308340 /* ScanResultList.swift in Sources */ = {isa = PBXBuildFile; fileRef = 0108FF202ABB2C6900308340 /* ScanResultList.swift */; };
		0108FF232ABB4E7D00308340 /* ScanControl.swift in Sources */ = {isa = PBXBuildFile; fileRef = 0108FF222ABB4E7D00308340 /* ScanControl.swift */; };
		0108FF252ABB4F0B00308340 /* BluetoothState.swift in Sources */ = {isa = PBXBuildFile; fileRef = 0108FF242ABB4F0B00308340 /* BluetoothState.swift */; };
		0108FF272ABB4F9600308340 /* BluetoothStateBadge.swift in Sources */ = {isa = PBXBuildFile; fileRef = 0108FF262ABB4F9600308340 /* BluetoothStateBadge.swift */; };
		0108FF2A2ABB562600308340 /* ScannerView.swift in Sources */ = {isa = PBXBuildFile; fileRef = 0108FF292ABB562600308340 /* ScannerView.swift */; };
		017D93D42ABAF3560062287E /* BLES_DemoApp.swift in Sources */ = {isa = PBXBuildFile; fileRef = 017D93D32ABAF3560062287E /* BLES_DemoApp.swift */; };
		017D93D62ABAF3560062287E /* ContentView.swift in Sources */ = {isa = PBXBuildFile; fileRef = 017D93D52ABAF3560062287E /* ContentView.swift */; };
		017D93D82ABAF3560062287E /* Assets.xcassets in Resources */ = {isa = PBXBuildFile; fileRef = 017D93D72ABAF3560062287E /* Assets.xcassets */; };
		017D93DB2ABAF3560062287E /* Preview Assets.xcassets in Resources */ = {isa = PBXBuildFile; fileRef = 017D93DA2ABAF3560062287E /* Preview Assets.xcassets */; };
		017D93E52ABAF3570062287E /* BLES_DemoTests.swift in Sources */ = {isa = PBXBuildFile; fileRef = 017D93E42ABAF3570062287E /* BLES_DemoTests.swift */; };
		017D93EF2ABAF3570062287E /* BLES_DemoUITests.swift in Sources */ = {isa = PBXBuildFile; fileRef = 017D93EE2ABAF3570062287E /* BLES_DemoUITests.swift */; };
		017D93F12ABAF3570062287E /* BLES_DemoUITestsLaunchTests.swift in Sources */ = {isa = PBXBuildFile; fileRef = 017D93F02ABAF3570062287E /* BLES_DemoUITestsLaunchTests.swift */; };
		01A6829F2ABAF6140092EBB9 /* ViewModel.swift in Sources */ = {isa = PBXBuildFile; fileRef = 01A6829E2ABAF6140092EBB9 /* ViewModel.swift */; };
/* End PBXBuildFile section */

/* Begin PBXContainerItemProxy section */
		017D93E12ABAF3570062287E /* PBXContainerItemProxy */ = {
			isa = PBXContainerItemProxy;
			containerPortal = 017D93C82ABAF3560062287E /* Project object */;
			proxyType = 1;
			remoteGlobalIDString = 017D93CF2ABAF3560062287E;
			remoteInfo = "BLES-Demo";
		};
		017D93EB2ABAF3570062287E /* PBXContainerItemProxy */ = {
			isa = PBXContainerItemProxy;
			containerPortal = 017D93C82ABAF3560062287E /* Project object */;
			proxyType = 1;
			remoteGlobalIDString = 017D93CF2ABAF3560062287E;
			remoteInfo = "BLES-Demo";
		};
/* End PBXContainerItemProxy section */

/* Begin PBXFileReference section */
		0108FF142ABAFA6100308340 /* NoContentView.swift */ = {isa = PBXFileReference; lastKnownFileType = sourcecode.swift; path = NoContentView.swift; sourceTree = "<group>"; };
		0108FF172ABB20FB00308340 /* ScanResult.swift */ = {isa = PBXFileReference; lastKnownFileType = sourcecode.swift; path = ScanResult.swift; sourceTree = "<group>"; };
		0108FF1A2ABB25A200308340 /* ScanResultView.swift */ = {isa = PBXFileReference; lastKnownFileType = sourcecode.swift; path = ScanResultView.swift; sourceTree = "<group>"; };
		0108FF1E2ABB263700308340 /* SignalLevelView.swift */ = {isa = PBXFileReference; lastKnownFileType = sourcecode.swift; path = SignalLevelView.swift; sourceTree = "<group>"; };
		0108FF202ABB2C6900308340 /* ScanResultList.swift */ = {isa = PBXFileReference; lastKnownFileType = sourcecode.swift; path = ScanResultList.swift; sourceTree = "<group>"; };
		0108FF222ABB4E7D00308340 /* ScanControl.swift */ = {isa = PBXFileReference; lastKnownFileType = sourcecode.swift; path = ScanControl.swift; sourceTree = "<group>"; };
		0108FF242ABB4F0B00308340 /* BluetoothState.swift */ = {isa = PBXFileReference; lastKnownFileType = sourcecode.swift; path = BluetoothState.swift; sourceTree = "<group>"; };
		0108FF262ABB4F9600308340 /* BluetoothStateBadge.swift */ = {isa = PBXFileReference; lastKnownFileType = sourcecode.swift; path = BluetoothStateBadge.swift; sourceTree = "<group>"; };
		0108FF292ABB562600308340 /* ScannerView.swift */ = {isa = PBXFileReference; lastKnownFileType = sourcecode.swift; path = ScannerView.swift; sourceTree = "<group>"; };
		017D93D02ABAF3560062287E /* BLES-Demo.app */ = {isa = PBXFileReference; explicitFileType = wrapper.application; includeInIndex = 0; path = "BLES-Demo.app"; sourceTree = BUILT_PRODUCTS_DIR; };
		017D93D32ABAF3560062287E /* BLES_DemoApp.swift */ = {isa = PBXFileReference; lastKnownFileType = sourcecode.swift; path = BLES_DemoApp.swift; sourceTree = "<group>"; };
		017D93D52ABAF3560062287E /* ContentView.swift */ = {isa = PBXFileReference; lastKnownFileType = sourcecode.swift; path = ContentView.swift; sourceTree = "<group>"; };
		017D93D72ABAF3560062287E /* Assets.xcassets */ = {isa = PBXFileReference; lastKnownFileType = folder.assetcatalog; path = Assets.xcassets; sourceTree = "<group>"; };
		017D93DA2ABAF3560062287E /* Preview Assets.xcassets */ = {isa = PBXFileReference; lastKnownFileType = folder.assetcatalog; path = "Preview Assets.xcassets"; sourceTree = "<group>"; };
		017D93E02ABAF3570062287E /* BLES-DemoTests.xctest */ = {isa = PBXFileReference; explicitFileType = wrapper.cfbundle; includeInIndex = 0; path = "BLES-DemoTests.xctest"; sourceTree = BUILT_PRODUCTS_DIR; };
		017D93E42ABAF3570062287E /* BLES_DemoTests.swift */ = {isa = PBXFileReference; lastKnownFileType = sourcecode.swift; path = BLES_DemoTests.swift; sourceTree = "<group>"; };
		017D93EA2ABAF3570062287E /* BLES-DemoUITests.xctest */ = {isa = PBXFileReference; explicitFileType = wrapper.cfbundle; includeInIndex = 0; path = "BLES-DemoUITests.xctest"; sourceTree = BUILT_PRODUCTS_DIR; };
		017D93EE2ABAF3570062287E /* BLES_DemoUITests.swift */ = {isa = PBXFileReference; lastKnownFileType = sourcecode.swift; path = BLES_DemoUITests.swift; sourceTree = "<group>"; };
		017D93F02ABAF3570062287E /* BLES_DemoUITestsLaunchTests.swift */ = {isa = PBXFileReference; lastKnownFileType = sourcecode.swift; path = BLES_DemoUITestsLaunchTests.swift; sourceTree = "<group>"; };
		01A6829E2ABAF6140092EBB9 /* ViewModel.swift */ = {isa = PBXFileReference; lastKnownFileType = sourcecode.swift; path = ViewModel.swift; sourceTree = "<group>"; };
/* End PBXFileReference section */

/* Begin PBXFrameworksBuildPhase section */
		017D93CD2ABAF3560062287E /* Frameworks */ = {
			isa = PBXFrameworksBuildPhase;
			buildActionMask = 2147483647;
			files = (
			);
			runOnlyForDeploymentPostprocessing = 0;
		};
		017D93DD2ABAF3570062287E /* Frameworks */ = {
			isa = PBXFrameworksBuildPhase;
			buildActionMask = 2147483647;
			files = (
			);
			runOnlyForDeploymentPostprocessing = 0;
		};
		017D93E72ABAF3570062287E /* Frameworks */ = {
			isa = PBXFrameworksBuildPhase;
			buildActionMask = 2147483647;
			files = (
			);
			runOnlyForDeploymentPostprocessing = 0;
		};
/* End PBXFrameworksBuildPhase section */

/* Begin PBXGroup section */
		0108FF132ABAFA4D00308340 /* Views */ = {
			isa = PBXGroup;
			children = (
				0108FF192ABB259500308340 /* ScanResults */,
				0108FF142ABAFA6100308340 /* NoContentView.swift */,
			);
			path = Views;
			sourceTree = "<group>";
		};
		0108FF162ABB20F400308340 /* Model */ = {
			isa = PBXGroup;
			children = (
				0108FF172ABB20FB00308340 /* ScanResult.swift */,
				0108FF242ABB4F0B00308340 /* BluetoothState.swift */,
			);
			path = Model;
			sourceTree = "<group>";
		};
		0108FF192ABB259500308340 /* ScanResults */ = {
			isa = PBXGroup;
			children = (
				0108FF282ABB4FAB00308340 /* Controls */,
				0108FF1A2ABB25A200308340 /* ScanResultView.swift */,
				0108FF1E2ABB263700308340 /* SignalLevelView.swift */,
				0108FF202ABB2C6900308340 /* ScanResultList.swift */,
				0108FF292ABB562600308340 /* ScannerView.swift */,
			);
			path = ScanResults;
			sourceTree = "<group>";
		};
		0108FF282ABB4FAB00308340 /* Controls */ = {
			isa = PBXGroup;
			children = (
				0108FF222ABB4E7D00308340 /* ScanControl.swift */,
				0108FF262ABB4F9600308340 /* BluetoothStateBadge.swift */,
			);
			path = Controls;
			sourceTree = "<group>";
		};
		017D93C72ABAF3560062287E = {
			isa = PBXGroup;
			children = (
				017D93D22ABAF3560062287E /* BLES-Demo */,
				017D93E32ABAF3570062287E /* BLES-DemoTests */,
				017D93ED2ABAF3570062287E /* BLES-DemoUITests */,
				017D93D12ABAF3560062287E /* Products */,
			);
			sourceTree = "<group>";
		};
		017D93D12ABAF3560062287E /* Products */ = {
			isa = PBXGroup;
			children = (
				017D93D02ABAF3560062287E /* BLES-Demo.app */,
				017D93E02ABAF3570062287E /* BLES-DemoTests.xctest */,
				017D93EA2ABAF3570062287E /* BLES-DemoUITests.xctest */,
			);
			name = Products;
			sourceTree = "<group>";
		};
		017D93D22ABAF3560062287E /* BLES-Demo */ = {
			isa = PBXGroup;
			children = (
				0108FF162ABB20F400308340 /* Model */,
				017D93D32ABAF3560062287E /* BLES_DemoApp.swift */,
				017D93D52ABAF3560062287E /* ContentView.swift */,
				01A6829E2ABAF6140092EBB9 /* ViewModel.swift */,
				0108FF132ABAFA4D00308340 /* Views */,
				017D93D72ABAF3560062287E /* Assets.xcassets */,
				017D93D92ABAF3560062287E /* Preview Content */,
			);
			path = "BLES-Demo";
			sourceTree = "<group>";
		};
		017D93D92ABAF3560062287E /* Preview Content */ = {
			isa = PBXGroup;
			children = (
				017D93DA2ABAF3560062287E /* Preview Assets.xcassets */,
			);
			path = "Preview Content";
			sourceTree = "<group>";
		};
		017D93E32ABAF3570062287E /* BLES-DemoTests */ = {
			isa = PBXGroup;
			children = (
				017D93E42ABAF3570062287E /* BLES_DemoTests.swift */,
			);
			path = "BLES-DemoTests";
			sourceTree = "<group>";
		};
		017D93ED2ABAF3570062287E /* BLES-DemoUITests */ = {
			isa = PBXGroup;
			children = (
				017D93EE2ABAF3570062287E /* BLES_DemoUITests.swift */,
				017D93F02ABAF3570062287E /* BLES_DemoUITestsLaunchTests.swift */,
			);
			path = "BLES-DemoUITests";
			sourceTree = "<group>";
		};
/* End PBXGroup section */

/* Begin PBXNativeTarget section */
		017D93CF2ABAF3560062287E /* BLES-Demo */ = {
			isa = PBXNativeTarget;
			buildConfigurationList = 017D93F42ABAF3570062287E /* Build configuration list for PBXNativeTarget "BLES-Demo" */;
			buildPhases = (
				017D93CC2ABAF3560062287E /* Sources */,
				017D93CD2ABAF3560062287E /* Frameworks */,
				017D93CE2ABAF3560062287E /* Resources */,
			);
			buildRules = (
			);
			dependencies = (
			);
			name = "BLES-Demo";
			productName = "BLES-Demo";
			productReference = 017D93D02ABAF3560062287E /* BLES-Demo.app */;
			productType = "com.apple.product-type.application";
		};
		017D93DF2ABAF3570062287E /* BLES-DemoTests */ = {
			isa = PBXNativeTarget;
			buildConfigurationList = 017D93F72ABAF3570062287E /* Build configuration list for PBXNativeTarget "BLES-DemoTests" */;
			buildPhases = (
				017D93DC2ABAF3570062287E /* Sources */,
				017D93DD2ABAF3570062287E /* Frameworks */,
				017D93DE2ABAF3570062287E /* Resources */,
			);
			buildRules = (
			);
			dependencies = (
				017D93E22ABAF3570062287E /* PBXTargetDependency */,
			);
			name = "BLES-DemoTests";
			productName = "BLES-DemoTests";
			productReference = 017D93E02ABAF3570062287E /* BLES-DemoTests.xctest */;
			productType = "com.apple.product-type.bundle.unit-test";
		};
		017D93E92ABAF3570062287E /* BLES-DemoUITests */ = {
			isa = PBXNativeTarget;
			buildConfigurationList = 017D93FA2ABAF3570062287E /* Build configuration list for PBXNativeTarget "BLES-DemoUITests" */;
			buildPhases = (
				017D93E62ABAF3570062287E /* Sources */,
				017D93E72ABAF3570062287E /* Frameworks */,
				017D93E82ABAF3570062287E /* Resources */,
			);
			buildRules = (
			);
			dependencies = (
				017D93EC2ABAF3570062287E /* PBXTargetDependency */,
			);
			name = "BLES-DemoUITests";
			productName = "BLES-DemoUITests";
			productReference = 017D93EA2ABAF3570062287E /* BLES-DemoUITests.xctest */;
			productType = "com.apple.product-type.bundle.ui-testing";
		};
/* End PBXNativeTarget section */

/* Begin PBXProject section */
		017D93C82ABAF3560062287E /* Project object */ = {
			isa = PBXProject;
			attributes = {
				BuildIndependentTargetsInParallel = 1;
				LastSwiftUpdateCheck = 1500;
				LastUpgradeCheck = 1500;
				TargetAttributes = {
					017D93CF2ABAF3560062287E = {
						CreatedOnToolsVersion = 15.0;
					};
					017D93DF2ABAF3570062287E = {
						CreatedOnToolsVersion = 15.0;
						TestTargetID = 017D93CF2ABAF3560062287E;
					};
					017D93E92ABAF3570062287E = {
						CreatedOnToolsVersion = 15.0;
						TestTargetID = 017D93CF2ABAF3560062287E;
					};
				};
			};
			buildConfigurationList = 017D93CB2ABAF3560062287E /* Build configuration list for PBXProject "BLES-Demo" */;
			compatibilityVersion = "Xcode 14.0";
			developmentRegion = en;
			hasScannedForEncodings = 0;
			knownRegions = (
				en,
				Base,
			);
			mainGroup = 017D93C72ABAF3560062287E;
			productRefGroup = 017D93D12ABAF3560062287E /* Products */;
			projectDirPath = "";
			projectRoot = "";
			targets = (
				017D93CF2ABAF3560062287E /* BLES-Demo */,
				017D93DF2ABAF3570062287E /* BLES-DemoTests */,
				017D93E92ABAF3570062287E /* BLES-DemoUITests */,
			);
		};
/* End PBXProject section */

/* Begin PBXResourcesBuildPhase section */
		017D93CE2ABAF3560062287E /* Resources */ = {
			isa = PBXResourcesBuildPhase;
			buildActionMask = 2147483647;
			files = (
				017D93DB2ABAF3560062287E /* Preview Assets.xcassets in Resources */,
				017D93D82ABAF3560062287E /* Assets.xcassets in Resources */,
			);
			runOnlyForDeploymentPostprocessing = 0;
		};
		017D93DE2ABAF3570062287E /* Resources */ = {
			isa = PBXResourcesBuildPhase;
			buildActionMask = 2147483647;
			files = (
			);
			runOnlyForDeploymentPostprocessing = 0;
		};
		017D93E82ABAF3570062287E /* Resources */ = {
			isa = PBXResourcesBuildPhase;
			buildActionMask = 2147483647;
			files = (
			);
			runOnlyForDeploymentPostprocessing = 0;
		};
/* End PBXResourcesBuildPhase section */

/* Begin PBXSourcesBuildPhase section */
		017D93CC2ABAF3560062287E /* Sources */ = {
			isa = PBXSourcesBuildPhase;
			buildActionMask = 2147483647;
			files = (
				0108FF272ABB4F9600308340 /* BluetoothStateBadge.swift in Sources */,
				0108FF252ABB4F0B00308340 /* BluetoothState.swift in Sources */,
				0108FF182ABB20FB00308340 /* ScanResult.swift in Sources */,
				017D93D62ABAF3560062287E /* ContentView.swift in Sources */,
				0108FF152ABAFA6100308340 /* NoContentView.swift in Sources */,
				01A6829F2ABAF6140092EBB9 /* ViewModel.swift in Sources */,
				0108FF232ABB4E7D00308340 /* ScanControl.swift in Sources */,
				0108FF1B2ABB25A200308340 /* ScanResultView.swift in Sources */,
				0108FF1F2ABB263700308340 /* SignalLevelView.swift in Sources */,
				0108FF2A2ABB562600308340 /* ScannerView.swift in Sources */,
				017D93D42ABAF3560062287E /* BLES_DemoApp.swift in Sources */,
				0108FF212ABB2C6900308340 /* ScanResultList.swift in Sources */,
			);
			runOnlyForDeploymentPostprocessing = 0;
		};
		017D93DC2ABAF3570062287E /* Sources */ = {
			isa = PBXSourcesBuildPhase;
			buildActionMask = 2147483647;
			files = (
				017D93E52ABAF3570062287E /* BLES_DemoTests.swift in Sources */,
			);
			runOnlyForDeploymentPostprocessing = 0;
		};
		017D93E62ABAF3570062287E /* Sources */ = {
			isa = PBXSourcesBuildPhase;
			buildActionMask = 2147483647;
			files = (
				017D93EF2ABAF3570062287E /* BLES_DemoUITests.swift in Sources */,
				017D93F12ABAF3570062287E /* BLES_DemoUITestsLaunchTests.swift in Sources */,
			);
			runOnlyForDeploymentPostprocessing = 0;
		};
/* End PBXSourcesBuildPhase section */

/* Begin PBXTargetDependency section */
		017D93E22ABAF3570062287E /* PBXTargetDependency */ = {
			isa = PBXTargetDependency;
			target = 017D93CF2ABAF3560062287E /* BLES-Demo */;
			targetProxy = 017D93E12ABAF3570062287E /* PBXContainerItemProxy */;
		};
		017D93EC2ABAF3570062287E /* PBXTargetDependency */ = {
			isa = PBXTargetDependency;
			target = 017D93CF2ABAF3560062287E /* BLES-Demo */;
			targetProxy = 017D93EB2ABAF3570062287E /* PBXContainerItemProxy */;
		};
/* End PBXTargetDependency section */

/* Begin XCBuildConfiguration section */
		017D93F22ABAF3570062287E /* Debug */ = {
			isa = XCBuildConfiguration;
			buildSettings = {
				ALWAYS_SEARCH_USER_PATHS = NO;
				ASSETCATALOG_COMPILER_GENERATE_SWIFT_ASSET_SYMBOL_EXTENSIONS = YES;
				CLANG_ANALYZER_NONNULL = YES;
				CLANG_ANALYZER_NUMBER_OBJECT_CONVERSION = YES_AGGRESSIVE;
				CLANG_CXX_LANGUAGE_STANDARD = "gnu++20";
				CLANG_ENABLE_MODULES = YES;
				CLANG_ENABLE_OBJC_ARC = YES;
				CLANG_ENABLE_OBJC_WEAK = YES;
				CLANG_WARN_BLOCK_CAPTURE_AUTORELEASING = YES;
				CLANG_WARN_BOOL_CONVERSION = YES;
				CLANG_WARN_COMMA = YES;
				CLANG_WARN_CONSTANT_CONVERSION = YES;
				CLANG_WARN_DEPRECATED_OBJC_IMPLEMENTATIONS = YES;
				CLANG_WARN_DIRECT_OBJC_ISA_USAGE = YES_ERROR;
				CLANG_WARN_DOCUMENTATION_COMMENTS = YES;
				CLANG_WARN_EMPTY_BODY = YES;
				CLANG_WARN_ENUM_CONVERSION = YES;
				CLANG_WARN_INFINITE_RECURSION = YES;
				CLANG_WARN_INT_CONVERSION = YES;
				CLANG_WARN_NON_LITERAL_NULL_CONVERSION = YES;
				CLANG_WARN_OBJC_IMPLICIT_RETAIN_SELF = YES;
				CLANG_WARN_OBJC_LITERAL_CONVERSION = YES;
				CLANG_WARN_OBJC_ROOT_CLASS = YES_ERROR;
				CLANG_WARN_QUOTED_INCLUDE_IN_FRAMEWORK_HEADER = YES;
				CLANG_WARN_RANGE_LOOP_ANALYSIS = YES;
				CLANG_WARN_STRICT_PROTOTYPES = YES;
				CLANG_WARN_SUSPICIOUS_MOVE = YES;
				CLANG_WARN_UNGUARDED_AVAILABILITY = YES_AGGRESSIVE;
				CLANG_WARN_UNREACHABLE_CODE = YES;
				CLANG_WARN__DUPLICATE_METHOD_MATCH = YES;
				COPY_PHASE_STRIP = NO;
				DEBUG_INFORMATION_FORMAT = dwarf;
				ENABLE_STRICT_OBJC_MSGSEND = YES;
				ENABLE_TESTABILITY = YES;
				ENABLE_USER_SCRIPT_SANDBOXING = YES;
				GCC_C_LANGUAGE_STANDARD = gnu17;
				GCC_DYNAMIC_NO_PIC = NO;
				GCC_NO_COMMON_BLOCKS = YES;
				GCC_OPTIMIZATION_LEVEL = 0;
				GCC_PREPROCESSOR_DEFINITIONS = (
					"DEBUG=1",
					"$(inherited)",
				);
				GCC_WARN_64_TO_32_BIT_CONVERSION = YES;
				GCC_WARN_ABOUT_RETURN_TYPE = YES_ERROR;
				GCC_WARN_UNDECLARED_SELECTOR = YES;
				GCC_WARN_UNINITIALIZED_AUTOS = YES_AGGRESSIVE;
				GCC_WARN_UNUSED_FUNCTION = YES;
				GCC_WARN_UNUSED_VARIABLE = YES;
				IPHONEOS_DEPLOYMENT_TARGET = 17.0;
				LOCALIZATION_PREFERS_STRING_CATALOGS = YES;
				MTL_ENABLE_DEBUG_INFO = INCLUDE_SOURCE;
				MTL_FAST_MATH = YES;
				ONLY_ACTIVE_ARCH = YES;
				SDKROOT = iphoneos;
				SWIFT_ACTIVE_COMPILATION_CONDITIONS = "DEBUG $(inherited)";
				SWIFT_OPTIMIZATION_LEVEL = "-Onone";
			};
			name = Debug;
		};
		017D93F32ABAF3570062287E /* Release */ = {
			isa = XCBuildConfiguration;
			buildSettings = {
				ALWAYS_SEARCH_USER_PATHS = NO;
				ASSETCATALOG_COMPILER_GENERATE_SWIFT_ASSET_SYMBOL_EXTENSIONS = YES;
				CLANG_ANALYZER_NONNULL = YES;
				CLANG_ANALYZER_NUMBER_OBJECT_CONVERSION = YES_AGGRESSIVE;
				CLANG_CXX_LANGUAGE_STANDARD = "gnu++20";
				CLANG_ENABLE_MODULES = YES;
				CLANG_ENABLE_OBJC_ARC = YES;
				CLANG_ENABLE_OBJC_WEAK = YES;
				CLANG_WARN_BLOCK_CAPTURE_AUTORELEASING = YES;
				CLANG_WARN_BOOL_CONVERSION = YES;
				CLANG_WARN_COMMA = YES;
				CLANG_WARN_CONSTANT_CONVERSION = YES;
				CLANG_WARN_DEPRECATED_OBJC_IMPLEMENTATIONS = YES;
				CLANG_WARN_DIRECT_OBJC_ISA_USAGE = YES_ERROR;
				CLANG_WARN_DOCUMENTATION_COMMENTS = YES;
				CLANG_WARN_EMPTY_BODY = YES;
				CLANG_WARN_ENUM_CONVERSION = YES;
				CLANG_WARN_INFINITE_RECURSION = YES;
				CLANG_WARN_INT_CONVERSION = YES;
				CLANG_WARN_NON_LITERAL_NULL_CONVERSION = YES;
				CLANG_WARN_OBJC_IMPLICIT_RETAIN_SELF = YES;
				CLANG_WARN_OBJC_LITERAL_CONVERSION = YES;
				CLANG_WARN_OBJC_ROOT_CLASS = YES_ERROR;
				CLANG_WARN_QUOTED_INCLUDE_IN_FRAMEWORK_HEADER = YES;
				CLANG_WARN_RANGE_LOOP_ANALYSIS = YES;
				CLANG_WARN_STRICT_PROTOTYPES = YES;
				CLANG_WARN_SUSPICIOUS_MOVE = YES;
				CLANG_WARN_UNGUARDED_AVAILABILITY = YES_AGGRESSIVE;
				CLANG_WARN_UNREACHABLE_CODE = YES;
				CLANG_WARN__DUPLICATE_METHOD_MATCH = YES;
				COPY_PHASE_STRIP = NO;
				DEBUG_INFORMATION_FORMAT = "dwarf-with-dsym";
				ENABLE_NS_ASSERTIONS = NO;
				ENABLE_STRICT_OBJC_MSGSEND = YES;
				ENABLE_USER_SCRIPT_SANDBOXING = YES;
				GCC_C_LANGUAGE_STANDARD = gnu17;
				GCC_NO_COMMON_BLOCKS = YES;
				GCC_WARN_64_TO_32_BIT_CONVERSION = YES;
				GCC_WARN_ABOUT_RETURN_TYPE = YES_ERROR;
				GCC_WARN_UNDECLARED_SELECTOR = YES;
				GCC_WARN_UNINITIALIZED_AUTOS = YES_AGGRESSIVE;
				GCC_WARN_UNUSED_FUNCTION = YES;
				GCC_WARN_UNUSED_VARIABLE = YES;
				IPHONEOS_DEPLOYMENT_TARGET = 17.0;
				LOCALIZATION_PREFERS_STRING_CATALOGS = YES;
				MTL_ENABLE_DEBUG_INFO = NO;
				MTL_FAST_MATH = YES;
				SDKROOT = iphoneos;
				SWIFT_COMPILATION_MODE = wholemodule;
				VALIDATE_PRODUCT = YES;
			};
			name = Release;
		};
		017D93F52ABAF3570062287E /* Debug */ = {
			isa = XCBuildConfiguration;
			buildSettings = {
				ASSETCATALOG_COMPILER_APPICON_NAME = AppIcon;
				ASSETCATALOG_COMPILER_GLOBAL_ACCENT_COLOR_NAME = AccentColor;
				CODE_SIGN_STYLE = Automatic;
				CURRENT_PROJECT_VERSION = 1;
				DEVELOPMENT_ASSET_PATHS = "\"BLES-Demo/Preview Content\"";
				DEVELOPMENT_TEAM = 88Z93X62R5;
				ENABLE_PREVIEWS = YES;
				GENERATE_INFOPLIST_FILE = YES;
				INFOPLIST_KEY_UIApplicationSceneManifest_Generation = YES;
				INFOPLIST_KEY_UIApplicationSupportsIndirectInputEvents = YES;
				INFOPLIST_KEY_UILaunchScreen_Generation = YES;
				INFOPLIST_KEY_UISupportedInterfaceOrientations_iPad = "UIInterfaceOrientationPortrait UIInterfaceOrientationPortraitUpsideDown UIInterfaceOrientationLandscapeLeft UIInterfaceOrientationLandscapeRight";
				INFOPLIST_KEY_UISupportedInterfaceOrientations_iPhone = "UIInterfaceOrientationPortrait UIInterfaceOrientationLandscapeLeft UIInterfaceOrientationLandscapeRight";
				LD_RUNPATH_SEARCH_PATHS = (
					"$(inherited)",
					"@executable_path/Frameworks",
				);
				MARKETING_VERSION = 1.0;
				PRODUCT_BUNDLE_IDENTIFIER = "com.nickkibysh.BLES-Demo";
				PRODUCT_NAME = "$(TARGET_NAME)";
				SWIFT_EMIT_LOC_STRINGS = YES;
				SWIFT_VERSION = 5.0;
				TARGETED_DEVICE_FAMILY = "1,2";
			};
			name = Debug;
		};
		017D93F62ABAF3570062287E /* Release */ = {
			isa = XCBuildConfiguration;
			buildSettings = {
				ASSETCATALOG_COMPILER_APPICON_NAME = AppIcon;
				ASSETCATALOG_COMPILER_GLOBAL_ACCENT_COLOR_NAME = AccentColor;
				CODE_SIGN_STYLE = Automatic;
				CURRENT_PROJECT_VERSION = 1;
				DEVELOPMENT_ASSET_PATHS = "\"BLES-Demo/Preview Content\"";
				DEVELOPMENT_TEAM = 88Z93X62R5;
				ENABLE_PREVIEWS = YES;
				GENERATE_INFOPLIST_FILE = YES;
				INFOPLIST_KEY_UIApplicationSceneManifest_Generation = YES;
				INFOPLIST_KEY_UIApplicationSupportsIndirectInputEvents = YES;
				INFOPLIST_KEY_UILaunchScreen_Generation = YES;
				INFOPLIST_KEY_UISupportedInterfaceOrientations_iPad = "UIInterfaceOrientationPortrait UIInterfaceOrientationPortraitUpsideDown UIInterfaceOrientationLandscapeLeft UIInterfaceOrientationLandscapeRight";
				INFOPLIST_KEY_UISupportedInterfaceOrientations_iPhone = "UIInterfaceOrientationPortrait UIInterfaceOrientationLandscapeLeft UIInterfaceOrientationLandscapeRight";
				LD_RUNPATH_SEARCH_PATHS = (
					"$(inherited)",
					"@executable_path/Frameworks",
				);
				MARKETING_VERSION = 1.0;
				PRODUCT_BUNDLE_IDENTIFIER = "com.nickkibysh.BLES-Demo";
				PRODUCT_NAME = "$(TARGET_NAME)";
				SWIFT_EMIT_LOC_STRINGS = YES;
				SWIFT_VERSION = 5.0;
				TARGETED_DEVICE_FAMILY = "1,2";
			};
			name = Release;
		};
		017D93F82ABAF3570062287E /* Debug */ = {
			isa = XCBuildConfiguration;
			buildSettings = {
				ALWAYS_EMBED_SWIFT_STANDARD_LIBRARIES = YES;
				BUNDLE_LOADER = "$(TEST_HOST)";
				CODE_SIGN_STYLE = Automatic;
				CURRENT_PROJECT_VERSION = 1;
				DEVELOPMENT_TEAM = 88Z93X62R5;
				GENERATE_INFOPLIST_FILE = YES;
				IPHONEOS_DEPLOYMENT_TARGET = 17.0;
				MARKETING_VERSION = 1.0;
				PRODUCT_BUNDLE_IDENTIFIER = "com.nickkibysh.BLES-DemoTests";
				PRODUCT_NAME = "$(TARGET_NAME)";
				SWIFT_EMIT_LOC_STRINGS = NO;
				SWIFT_VERSION = 5.0;
				TARGETED_DEVICE_FAMILY = "1,2";
				TEST_HOST = "$(BUILT_PRODUCTS_DIR)/BLES-Demo.app/$(BUNDLE_EXECUTABLE_FOLDER_PATH)/BLES-Demo";
			};
			name = Debug;
		};
		017D93F92ABAF3570062287E /* Release */ = {
			isa = XCBuildConfiguration;
			buildSettings = {
				ALWAYS_EMBED_SWIFT_STANDARD_LIBRARIES = YES;
				BUNDLE_LOADER = "$(TEST_HOST)";
				CODE_SIGN_STYLE = Automatic;
				CURRENT_PROJECT_VERSION = 1;
				DEVELOPMENT_TEAM = 88Z93X62R5;
				GENERATE_INFOPLIST_FILE = YES;
				IPHONEOS_DEPLOYMENT_TARGET = 17.0;
				MARKETING_VERSION = 1.0;
				PRODUCT_BUNDLE_IDENTIFIER = "com.nickkibysh.BLES-DemoTests";
				PRODUCT_NAME = "$(TARGET_NAME)";
				SWIFT_EMIT_LOC_STRINGS = NO;
				SWIFT_VERSION = 5.0;
				TARGETED_DEVICE_FAMILY = "1,2";
				TEST_HOST = "$(BUILT_PRODUCTS_DIR)/BLES-Demo.app/$(BUNDLE_EXECUTABLE_FOLDER_PATH)/BLES-Demo";
			};
			name = Release;
		};
		017D93FB2ABAF3570062287E /* Debug */ = {
			isa = XCBuildConfiguration;
			buildSettings = {
				ALWAYS_EMBED_SWIFT_STANDARD_LIBRARIES = YES;
				CODE_SIGN_STYLE = Automatic;
				CURRENT_PROJECT_VERSION = 1;
				DEVELOPMENT_TEAM = 88Z93X62R5;
				GENERATE_INFOPLIST_FILE = YES;
				MARKETING_VERSION = 1.0;
				PRODUCT_BUNDLE_IDENTIFIER = "com.nickkibysh.BLES-DemoUITests";
				PRODUCT_NAME = "$(TARGET_NAME)";
				SWIFT_EMIT_LOC_STRINGS = NO;
				SWIFT_VERSION = 5.0;
				TARGETED_DEVICE_FAMILY = "1,2";
				TEST_TARGET_NAME = "BLES-Demo";
			};
			name = Debug;
		};
		017D93FC2ABAF3570062287E /* Release */ = {
			isa = XCBuildConfiguration;
			buildSettings = {
				ALWAYS_EMBED_SWIFT_STANDARD_LIBRARIES = YES;
				CODE_SIGN_STYLE = Automatic;
				CURRENT_PROJECT_VERSION = 1;
				DEVELOPMENT_TEAM = 88Z93X62R5;
				GENERATE_INFOPLIST_FILE = YES;
				MARKETING_VERSION = 1.0;
				PRODUCT_BUNDLE_IDENTIFIER = "com.nickkibysh.BLES-DemoUITests";
				PRODUCT_NAME = "$(TARGET_NAME)";
				SWIFT_EMIT_LOC_STRINGS = NO;
				SWIFT_VERSION = 5.0;
				TARGETED_DEVICE_FAMILY = "1,2";
				TEST_TARGET_NAME = "BLES-Demo";
			};
			name = Release;
		};
/* End XCBuildConfiguration section */

/* Begin XCConfigurationList section */
		017D93CB2ABAF3560062287E /* Build configuration list for PBXProject "BLES-Demo" */ = {
			isa = XCConfigurationList;
			buildConfigurations = (
				017D93F22ABAF3570062287E /* Debug */,
				017D93F32ABAF3570062287E /* Release */,
			);
			defaultConfigurationIsVisible = 0;
			defaultConfigurationName = Release;
		};
		017D93F42ABAF3570062287E /* Build configuration list for PBXNativeTarget "BLES-Demo" */ = {
			isa = XCConfigurationList;
			buildConfigurations = (
				017D93F52ABAF3570062287E /* Debug */,
				017D93F62ABAF3570062287E /* Release */,
			);
			defaultConfigurationIsVisible = 0;
			defaultConfigurationName = Release;
		};
		017D93F72ABAF3570062287E /* Build configuration list for PBXNativeTarget "BLES-DemoTests" */ = {
			isa = XCConfigurationList;
			buildConfigurations = (
				017D93F82ABAF3570062287E /* Debug */,
				017D93F92ABAF3570062287E /* Release */,
			);
			defaultConfigurationIsVisible = 0;
			defaultConfigurationName = Release;
		};
		017D93FA2ABAF3570062287E /* Build configuration list for PBXNativeTarget "BLES-DemoUITests" */ = {
			isa = XCConfigurationList;
			buildConfigurations = (
				017D93FB2ABAF3570062287E /* Debug */,
				017D93FC2ABAF3570062287E /* Release */,
			);
			defaultConfigurationIsVisible = 0;
			defaultConfigurationName = Release;
		};
/* End XCConfigurationList section */
	};
	rootObject = 017D93C82ABAF3560062287E /* Project object */;
}
